{
  "pins" : [
    {
      "identity" : "swift-argument-parser",
      "kind" : "remoteSourceControl",
      "location" : "https://github.com/apple/swift-argument-parser.git",
      "state" : {
        "revision" : "fee6933f37fde9a5e12a1e4aeaa93fe60116ff2a",
        "version" : "1.2.2"
      }
    },
    {
      "identity" : "twigs",
      "kind" : "remoteSourceControl",
      "location" : "https://github.com/dtaylor1701/Twigs.git",
      "state" : {
        "branch" : "main",
        "revision" : "d163bd758e9d4f58976cc8525d8aa68295b7d3cd"
      }
    }
  ],
  "version" : 2
}
